
Microsoft Visual Studio Solution File, Format Version 12.00
# Visual Studio Version 17
VisualStudioVersion = 17.11.35327.3
MinimumVisualStudioVersion = 10.0.40219.1
Project("{FAE04EC0-301F-11D3-BF4B-00C04F79EFBC}") = "ToDoListApp", "ToDoListApp.csproj", "{4E936EAD-E5B3-42DE-8AD3-7FA2C8C75454}"
EndProject
Global
	GlobalSection(SolutionConfigurationPlatforms) = preSolution
		Debug|Any CPU = Debug|Any CPU
		Release|Any CPU = Release|Any CPU
	EndGlobalSection
	GlobalSection(ProjectConfigurationPlatforms) = postSolution
		{4E936EAD-E5B3-42DE-8AD3-7FA2C8C75454}.Debug|Any CPU.ActiveCfg = Debug|Any CPU
		{4E936EAD-E5B3-42DE-8AD3-7FA2C8C75454}.Debug|Any CPU.Build.0 = Debug|Any CPU
		{4E936EAD-E5B3-42DE-8AD3-7FA2C8C75454}.Release|Any CPU.ActiveCfg = Release|Any CPU
		{4E936EAD-E5B3-42DE-8AD3-7FA2C8C75454}.Release|Any CPU.Build.0 = Release|Any CPU
	EndGlobalSection
	GlobalSection(SolutionProperties) = preSolution
		HideSolutionNode = FALSE
	EndGlobalSection
	GlobalSection(ExtensibilityGlobals) = postSolution
		SolutionGuid = {69529AEC-3547-4D21-8A1A-EE787B8BA421}
	EndGlobalSection
EndGlobal
